
Microsoft Visual Studio Solution File, Format Version 12.00
# Visual Studio Version 17
VisualStudioVersion = 17.14.36221.1 d17.14
MinimumVisualStudioVersion = 10.0.40219.1
Project("{FAE04EC0-301F-11D3-BF4B-00C04F79EFBC}") = "WinApp", "WinApp\WinApp.csproj", "{DDB09AF1-A95D-483E-B444-B75B9703DF20}"
EndProject
Global
	GlobalSection(SolutionConfigurationPlatforms) = preSolution
		Debug|Any CPU = Debug|Any CPU
		Release|Any CPU = Release|Any CPU
	EndGlobalSection
	GlobalSection(ProjectConfigurationPlatforms) = postSolution
		{DDB09AF1-A95D-483E-B444-B75B9703DF20}.Debug|Any CPU.ActiveCfg = Debug|Any CPU
		{DDB09AF1-A95D-483E-B444-B75B9703DF20}.Debug|Any CPU.Build.0 = Debug|Any CPU
		{DDB09AF1-A95D-483E-B444-B75B9703DF20}.Release|Any CPU.ActiveCfg = Release|Any CPU
		{DDB09AF1-A95D-483E-B444-B75B9703DF20}.Release|Any CPU.Build.0 = Release|Any CPU
	EndGlobalSection
	GlobalSection(SolutionProperties) = preSolution
		HideSolutionNode = FALSE
	EndGlobalSection
	GlobalSection(ExtensibilityGlobals) = postSolution
		SolutionGuid = {639D0337-4F05-4554-933F-CF1EEF36A54F}
	EndGlobalSection
EndGlobal
